// !$*UTF8*$!
{
	archiveVersion = 1;
	classes = {
	};
	objectVersion = 55;
	objects = {

/* Begin PBXBuildFile section */
		E86E7EC2288FC04F00D9D194 /* UserRepositoryProtocol.swift in Sources */ = {isa = PBXBuildFile; fileRef = E86E7EC1288FC04F00D9D194 /* UserRepositoryProtocol.swift */; };
		E86E7EC4288FC08700D9D194 /* UserLoginUseCase.swift in Sources */ = {isa = PBXBuildFile; fileRef = E86E7EC3288FC08700D9D194 /* UserLoginUseCase.swift */; };
		E86E7EC7288FC11900D9D194 /* User.swift in Sources */ = {isa = PBXBuildFile; fileRef = E86E7EC6288FC11900D9D194 /* User.swift */; };
		E86E7ED0288FD03000D9D194 /* UserRepository.swift in Sources */ = {isa = PBXBuildFile; fileRef = E86E7ECF288FD03000D9D194 /* UserRepository.swift */; };
		E86E7ED2288FD55300D9D194 /* LoginQuery.swift in Sources */ = {isa = PBXBuildFile; fileRef = E86E7ED1288FD55300D9D194 /* LoginQuery.swift */; };
		E86E7ED5288FE3A600D9D194 /* NetworkService.swift in Sources */ = {isa = PBXBuildFile; fileRef = E86E7ED4288FE3A600D9D194 /* NetworkService.swift */; };
		E8CAC2AE2891495E004BC29E /* SwiftyJSON.xcframework in Frameworks */ = {isa = PBXBuildFile; fileRef = E8CAC2AD2891495E004BC29E /* SwiftyJSON.xcframework */; };
		E8CAC2AF2891495E004BC29E /* SwiftyJSON.xcframework in Embed Frameworks */ = {isa = PBXBuildFile; fileRef = E8CAC2AD2891495E004BC29E /* SwiftyJSON.xcframework */; settings = {ATTRIBUTES = (CodeSignOnCopy, RemoveHeadersOnCopy, ); }; };
		E8CAC2B02891496B004BC29E /* SwiftyJSON.xcframework in Frameworks */ = {isa = PBXBuildFile; fileRef = E8CAC2AD2891495E004BC29E /* SwiftyJSON.xcframework */; };
		E8E8963C288E74C500E00879 /* AppDelegate.swift in Sources */ = {isa = PBXBuildFile; fileRef = E8E8963B288E74C500E00879 /* AppDelegate.swift */; };
		E8E8963E288E74C500E00879 /* SceneDelegate.swift in Sources */ = {isa = PBXBuildFile; fileRef = E8E8963D288E74C500E00879 /* SceneDelegate.swift */; };
		E8E89640288E74C500E00879 /* HomeViewController.swift in Sources */ = {isa = PBXBuildFile; fileRef = E8E8963F288E74C500E00879 /* HomeViewController.swift */; };
		E8E89643288E74C500E00879 /* Home.storyboard in Resources */ = {isa = PBXBuildFile; fileRef = E8E89641288E74C500E00879 /* Home.storyboard */; };
		E8E89645288E74C700E00879 /* Assets.xcassets in Resources */ = {isa = PBXBuildFile; fileRef = E8E89644288E74C700E00879 /* Assets.xcassets */; };
		E8E89648288E74C700E00879 /* LaunchScreen.storyboard in Resources */ = {isa = PBXBuildFile; fileRef = E8E89646288E74C700E00879 /* LaunchScreen.storyboard */; };
		E8E89653288E74C700E00879 /* RxSwiftOperatorTests.swift in Sources */ = {isa = PBXBuildFile; fileRef = E8E89652288E74C700E00879 /* RxSwiftOperatorTests.swift */; };
		E8E89671288E7E6100E00879 /* LoginViewController.swift in Sources */ = {isa = PBXBuildFile; fileRef = E8E89670288E7E6100E00879 /* LoginViewController.swift */; };
		E8E89673288E7E7A00E00879 /* Login.storyboard in Resources */ = {isa = PBXBuildFile; fileRef = E8E89672288E7E7A00E00879 /* Login.storyboard */; };
		E8E89677288E868600E00879 /* LoginViewModel.swift in Sources */ = {isa = PBXBuildFile; fileRef = E8E89676288E868600E00879 /* LoginViewModel.swift */; };
		E8E8968A288E951900E00879 /* RxRelay.xcframework in Frameworks */ = {isa = PBXBuildFile; fileRef = E8E89687288E951900E00879 /* RxRelay.xcframework */; };
		E8E8968B288E951900E00879 /* RxRelay.xcframework in Embed Frameworks */ = {isa = PBXBuildFile; fileRef = E8E89687288E951900E00879 /* RxRelay.xcframework */; settings = {ATTRIBUTES = (CodeSignOnCopy, RemoveHeadersOnCopy, ); }; };
		E8E8968C288E951900E00879 /* RxSwift.xcframework in Frameworks */ = {isa = PBXBuildFile; fileRef = E8E89688288E951900E00879 /* RxSwift.xcframework */; };
		E8E8968D288E951900E00879 /* RxSwift.xcframework in Embed Frameworks */ = {isa = PBXBuildFile; fileRef = E8E89688288E951900E00879 /* RxSwift.xcframework */; settings = {ATTRIBUTES = (CodeSignOnCopy, RemoveHeadersOnCopy, ); }; };
		E8E8968E288E951900E00879 /* RxCocoa.xcframework in Frameworks */ = {isa = PBXBuildFile; fileRef = E8E89689288E951900E00879 /* RxCocoa.xcframework */; };
		E8E8968F288E951900E00879 /* RxCocoa.xcframework in Embed Frameworks */ = {isa = PBXBuildFile; fileRef = E8E89689288E951900E00879 /* RxCocoa.xcframework */; settings = {ATTRIBUTES = (CodeSignOnCopy, RemoveHeadersOnCopy, ); }; };
		E8E89691288E96F200E00879 /* RxCocoa.xcframework in Frameworks */ = {isa = PBXBuildFile; fileRef = E8E89689288E951900E00879 /* RxCocoa.xcframework */; };
		E8E89692288E96F200E00879 /* RxRelay.xcframework in Frameworks */ = {isa = PBXBuildFile; fileRef = E8E89687288E951900E00879 /* RxRelay.xcframework */; };
		E8E89693288E96F200E00879 /* RxSwift.xcframework in Frameworks */ = {isa = PBXBuildFile; fileRef = E8E89688288E951900E00879 /* RxSwift.xcframework */; };
		E8E89696288E98CA00E00879 /* ViewModelType.swift in Sources */ = {isa = PBXBuildFile; fileRef = E8E89695288E98CA00E00879 /* ViewModelType.swift */; };
		E8E8969A288EFDD200E00879 /* HomeViewModel.swift in Sources */ = {isa = PBXBuildFile; fileRef = E8E89699288EFDD200E00879 /* HomeViewModel.swift */; };
/* End PBXBuildFile section */

/* Begin PBXContainerItemProxy section */
		E8E8964F288E74C700E00879 /* PBXContainerItemProxy */ = {
			isa = PBXContainerItemProxy;
			containerPortal = E8E89630288E74C500E00879 /* Project object */;
			proxyType = 1;
			remoteGlobalIDString = E8E89637288E74C500E00879;
			remoteInfo = LoginFlow;
		};
/* End PBXContainerItemProxy section */

/* Begin PBXCopyFilesBuildPhase section */
		E8E89690288E951900E00879 /* Embed Frameworks */ = {
			isa = PBXCopyFilesBuildPhase;
			buildActionMask = 2147483647;
			dstPath = "";
			dstSubfolderSpec = 10;
			files = (
				E8E8968B288E951900E00879 /* RxRelay.xcframework in Embed Frameworks */,
				E8CAC2AF2891495E004BC29E /* SwiftyJSON.xcframework in Embed Frameworks */,
				E8E8968D288E951900E00879 /* RxSwift.xcframework in Embed Frameworks */,
				E8E8968F288E951900E00879 /* RxCocoa.xcframework in Embed Frameworks */,
			);
			name = "Embed Frameworks";
			runOnlyForDeploymentPostprocessing = 0;
		};
/* End PBXCopyFilesBuildPhase section */

/* Begin PBXFileReference section */
		E86E7EC1288FC04F00D9D194 /* UserRepositoryProtocol.swift */ = {isa = PBXFileReference; lastKnownFileType = sourcecode.swift; path = UserRepositoryProtocol.swift; sourceTree = "<group>"; };
		E86E7EC3288FC08700D9D194 /* UserLoginUseCase.swift */ = {isa = PBXFileReference; lastKnownFileType = sourcecode.swift; path = UserLoginUseCase.swift; sourceTree = "<group>"; };
		E86E7EC6288FC11900D9D194 /* User.swift */ = {isa = PBXFileReference; lastKnownFileType = sourcecode.swift; path = User.swift; sourceTree = "<group>"; };
		E86E7ECF288FD03000D9D194 /* UserRepository.swift */ = {isa = PBXFileReference; lastKnownFileType = sourcecode.swift; path = UserRepository.swift; sourceTree = "<group>"; };
		E86E7ED1288FD55300D9D194 /* LoginQuery.swift */ = {isa = PBXFileReference; lastKnownFileType = sourcecode.swift; path = LoginQuery.swift; sourceTree = "<group>"; };
		E86E7ED4288FE3A600D9D194 /* NetworkService.swift */ = {isa = PBXFileReference; lastKnownFileType = sourcecode.swift; path = NetworkService.swift; sourceTree = "<group>"; };
		E8CAC2AD2891495E004BC29E /* SwiftyJSON.xcframework */ = {isa = PBXFileReference; lastKnownFileType = wrapper.xcframework; name = SwiftyJSON.xcframework; path = Carthage/Build/SwiftyJSON.xcframework; sourceTree = "<group>"; };
		E8E89638288E74C500E00879 /* LoginFlow.app */ = {isa = PBXFileReference; explicitFileType = wrapper.application; includeInIndex = 0; path = LoginFlow.app; sourceTree = BUILT_PRODUCTS_DIR; };
		E8E8963B288E74C500E00879 /* AppDelegate.swift */ = {isa = PBXFileReference; lastKnownFileType = sourcecode.swift; path = AppDelegate.swift; sourceTree = "<group>"; };
		E8E8963D288E74C500E00879 /* SceneDelegate.swift */ = {isa = PBXFileReference; lastKnownFileType = sourcecode.swift; path = SceneDelegate.swift; sourceTree = "<group>"; };
		E8E8963F288E74C500E00879 /* HomeViewController.swift */ = {isa = PBXFileReference; lastKnownFileType = sourcecode.swift; path = HomeViewController.swift; sourceTree = "<group>"; };
		E8E89642288E74C500E00879 /* Base */ = {isa = PBXFileReference; lastKnownFileType = file.storyboard; name = Base; path = Base.lproj/Home.storyboard; sourceTree = "<group>"; };
		E8E89644288E74C700E00879 /* Assets.xcassets */ = {isa = PBXFileReference; lastKnownFileType = folder.assetcatalog; path = Assets.xcassets; sourceTree = "<group>"; };
		E8E89647288E74C700E00879 /* Base */ = {isa = PBXFileReference; lastKnownFileType = file.storyboard; name = Base; path = Base.lproj/LaunchScreen.storyboard; sourceTree = "<group>"; };
		E8E89649288E74C700E00879 /* Info.plist */ = {isa = PBXFileReference; lastKnownFileType = text.plist.xml; name = Info.plist; path = LoginFlow/Resources/Info.plist; sourceTree = SOURCE_ROOT; };
		E8E8964E288E74C700E00879 /* LoginFlowTests.xctest */ = {isa = PBXFileReference; explicitFileType = wrapper.cfbundle; includeInIndex = 0; path = LoginFlowTests.xctest; sourceTree = BUILT_PRODUCTS_DIR; };
		E8E89652288E74C700E00879 /* RxSwiftOperatorTests.swift */ = {isa = PBXFileReference; lastKnownFileType = sourcecode.swift; path = RxSwiftOperatorTests.swift; sourceTree = "<group>"; };
		E8E89670288E7E6100E00879 /* LoginViewController.swift */ = {isa = PBXFileReference; lastKnownFileType = sourcecode.swift; path = LoginViewController.swift; sourceTree = "<group>"; };
		E8E89672288E7E7A00E00879 /* Login.storyboard */ = {isa = PBXFileReference; lastKnownFileType = file.storyboard; path = Login.storyboard; sourceTree = "<group>"; };
		E8E89676288E868600E00879 /* LoginViewModel.swift */ = {isa = PBXFileReference; lastKnownFileType = sourcecode.swift; path = LoginViewModel.swift; sourceTree = "<group>"; };
		E8E89687288E951900E00879 /* RxRelay.xcframework */ = {isa = PBXFileReference; lastKnownFileType = wrapper.xcframework; name = RxRelay.xcframework; path = Carthage/Build/RxRelay.xcframework; sourceTree = "<group>"; };
		E8E89688288E951900E00879 /* RxSwift.xcframework */ = {isa = PBXFileReference; lastKnownFileType = wrapper.xcframework; name = RxSwift.xcframework; path = Carthage/Build/RxSwift.xcframework; sourceTree = "<group>"; };
		E8E89689288E951900E00879 /* RxCocoa.xcframework */ = {isa = PBXFileReference; lastKnownFileType = wrapper.xcframework; name = RxCocoa.xcframework; path = Carthage/Build/RxCocoa.xcframework; sourceTree = "<group>"; };
		E8E89695288E98CA00E00879 /* ViewModelType.swift */ = {isa = PBXFileReference; lastKnownFileType = sourcecode.swift; path = ViewModelType.swift; sourceTree = "<group>"; };
		E8E89699288EFDD200E00879 /* HomeViewModel.swift */ = {isa = PBXFileReference; lastKnownFileType = sourcecode.swift; path = HomeViewModel.swift; sourceTree = "<group>"; };
/* End PBXFileReference section */

/* Begin PBXFrameworksBuildPhase section */
		E8E89635288E74C500E00879 /* Frameworks */ = {
			isa = PBXFrameworksBuildPhase;
			buildActionMask = 2147483647;
			files = (
				E8E8968A288E951900E00879 /* RxRelay.xcframework in Frameworks */,
				E8CAC2AE2891495E004BC29E /* SwiftyJSON.xcframework in Frameworks */,
				E8E8968C288E951900E00879 /* RxSwift.xcframework in Frameworks */,
				E8E8968E288E951900E00879 /* RxCocoa.xcframework in Frameworks */,
			);
			runOnlyForDeploymentPostprocessing = 0;
		};
		E8E8964B288E74C700E00879 /* Frameworks */ = {
			isa = PBXFrameworksBuildPhase;
			buildActionMask = 2147483647;
			files = (
				E8CAC2B02891496B004BC29E /* SwiftyJSON.xcframework in Frameworks */,
				E8E89691288E96F200E00879 /* RxCocoa.xcframework in Frameworks */,
				E8E89692288E96F200E00879 /* RxRelay.xcframework in Frameworks */,
				E8E89693288E96F200E00879 /* RxSwift.xcframework in Frameworks */,
			);
			runOnlyForDeploymentPostprocessing = 0;
		};
/* End PBXFrameworksBuildPhase section */

/* Begin PBXGroup section */
		E86E7EBD288FBD5300D9D194 /* Domain */ = {
			isa = PBXGroup;
			children = (
				E86E7EC5288FC10000D9D194 /* Entities */,
				E86E7EC0288FBFA700D9D194 /* Interfaces */,
				E86E7EBE288FBD6F00D9D194 /* UseCases */,
			);
			path = Domain;
			sourceTree = "<group>";
		};
		E86E7EBE288FBD6F00D9D194 /* UseCases */ = {
			isa = PBXGroup;
			children = (
				E86E7EC3288FC08700D9D194 /* UserLoginUseCase.swift */,
			);
			path = UseCases;
			sourceTree = "<group>";
		};
		E86E7EBF288FBFA000D9D194 /* Repositories */ = {
			isa = PBXGroup;
			children = (
				E86E7EC1288FC04F00D9D194 /* UserRepositoryProtocol.swift */,
			);
			path = Repositories;
			sourceTree = "<group>";
		};
		E86E7EC0288FBFA700D9D194 /* Interfaces */ = {
			isa = PBXGroup;
			children = (
				E86E7EBF288FBFA000D9D194 /* Repositories */,
			);
			path = Interfaces;
			sourceTree = "<group>";
		};
		E86E7EC5288FC10000D9D194 /* Entities */ = {
			isa = PBXGroup;
			children = (
				E86E7EC6288FC11900D9D194 /* User.swift */,
				E86E7ED1288FD55300D9D194 /* LoginQuery.swift */,
			);
			path = Entities;
			sourceTree = "<group>";
		};
		E86E7ECD288FCFDA00D9D194 /* Data */ = {
			isa = PBXGroup;
			children = (
				E86E7ECE288FD01B00D9D194 /* Repositories */,
			);
			path = Data;
			sourceTree = "<group>";
		};
		E86E7ECE288FD01B00D9D194 /* Repositories */ = {
			isa = PBXGroup;
			children = (
				E86E7ECF288FD03000D9D194 /* UserRepository.swift */,
			);
			path = Repositories;
			sourceTree = "<group>";
		};
		E86E7ED3288FE39A00D9D194 /* Infrastructrue */ = {
			isa = PBXGroup;
			children = (
				E86E7ED4288FE3A600D9D194 /* NetworkService.swift */,
			);
			path = Infrastructrue;
			sourceTree = "<group>";
		};
		E8E8962F288E74C500E00879 = {
			isa = PBXGroup;
			children = (
				E8E8963A288E74C500E00879 /* LoginFlow */,
				E8E89651288E74C700E00879 /* LoginFlowTests */,
				E8E89639288E74C500E00879 /* Products */,
				E8E89686288E951900E00879 /* Frameworks */,
			);
			sourceTree = "<group>";
		};
		E8E89639288E74C500E00879 /* Products */ = {
			isa = PBXGroup;
			children = (
				E8E89638288E74C500E00879 /* LoginFlow.app */,
				E8E8964E288E74C700E00879 /* LoginFlowTests.xctest */,
			);
			name = Products;
			sourceTree = "<group>";
		};
		E8E8963A288E74C500E00879 /* LoginFlow */ = {
			isa = PBXGroup;
			children = (
				E8E8966B288E74D700E00879 /* Application */,
				E86E7ECD288FCFDA00D9D194 /* Data */,
				E86E7EBD288FBD5300D9D194 /* Domain */,
				E86E7ED3288FE39A00D9D194 /* Infrastructrue */,
				E8E8966C288E769900E00879 /* Resources */,
				E8E8966D288E769D00E00879 /* Scenes */,
			);
			path = LoginFlow;
			sourceTree = "<group>";
		};
		E8E89651288E74C700E00879 /* LoginFlowTests */ = {
			isa = PBXGroup;
			children = (
				E8E89652288E74C700E00879 /* RxSwiftOperatorTests.swift */,
			);
			path = LoginFlowTests;
			sourceTree = "<group>";
		};
		E8E8966B288E74D700E00879 /* Application */ = {
			isa = PBXGroup;
			children = (
				E8E8963B288E74C500E00879 /* AppDelegate.swift */,
				E8E8963D288E74C500E00879 /* SceneDelegate.swift */,
			);
			path = Application;
			sourceTree = "<group>";
		};
		E8E8966C288E769900E00879 /* Resources */ = {
			isa = PBXGroup;
			children = (
				E8E89644288E74C700E00879 /* Assets.xcassets */,
				E8E89649288E74C700E00879 /* Info.plist */,
				E8E89646288E74C700E00879 /* LaunchScreen.storyboard */,
			);
			path = Resources;
			sourceTree = "<group>";
		};
		E8E8966D288E769D00E00879 /* Scenes */ = {
			isa = PBXGroup;
			children = (
				E8E89694288E98C200E00879 /* Common */,
				E8E8966F288E7E3600E00879 /* Login */,
				E8E8966E288E7E3000E00879 /* Home */,
			);
			path = Scenes;
			sourceTree = "<group>";
		};
		E8E8966E288E7E3000E00879 /* Home */ = {
			isa = PBXGroup;
			children = (
				E8E89697288EDC2D00E00879 /* View */,
				E8E89698288EFDC600E00879 /* ViewModel */,
			);
			path = Home;
			sourceTree = "<group>";
		};
		E8E8966F288E7E3600E00879 /* Login */ = {
			isa = PBXGroup;
			children = (
				E8E89675288E867C00E00879 /* View */,
				E8E89674288E867700E00879 /* ViewModel */,
			);
			path = Login;
			sourceTree = "<group>";
		};
		E8E89674288E867700E00879 /* ViewModel */ = {
			isa = PBXGroup;
			children = (
				E8E89676288E868600E00879 /* LoginViewModel.swift */,
			);
			path = ViewModel;
			sourceTree = "<group>";
		};
		E8E89675288E867C00E00879 /* View */ = {
			isa = PBXGroup;
			children = (
				E8E89670288E7E6100E00879 /* LoginViewController.swift */,
				E8E89672288E7E7A00E00879 /* Login.storyboard */,
			);
			path = View;
			sourceTree = "<group>";
		};
		E8E89686288E951900E00879 /* Frameworks */ = {
			isa = PBXGroup;
			children = (
				E8CAC2AD2891495E004BC29E /* SwiftyJSON.xcframework */,
				E8E89689288E951900E00879 /* RxCocoa.xcframework */,
				E8E89687288E951900E00879 /* RxRelay.xcframework */,
				E8E89688288E951900E00879 /* RxSwift.xcframework */,
			);
			name = Frameworks;
			sourceTree = "<group>";
		};
		E8E89694288E98C200E00879 /* Common */ = {
			isa = PBXGroup;
			children = (
				E8E89695288E98CA00E00879 /* ViewModelType.swift */,
			);
			path = Common;
			sourceTree = "<group>";
		};
		E8E89697288EDC2D00E00879 /* View */ = {
			isa = PBXGroup;
			children = (
				E8E8963F288E74C500E00879 /* HomeViewController.swift */,
				E8E89641288E74C500E00879 /* Home.storyboard */,
			);
			path = View;
			sourceTree = "<group>";
		};
		E8E89698288EFDC600E00879 /* ViewModel */ = {
			isa = PBXGroup;
			children = (
				E8E89699288EFDD200E00879 /* HomeViewModel.swift */,
			);
			path = ViewModel;
			sourceTree = "<group>";
		};
/* End PBXGroup section */

/* Begin PBXNativeTarget section */
		E8E89637288E74C500E00879 /* LoginFlow */ = {
			isa = PBXNativeTarget;
			buildConfigurationList = E8E89662288E74C700E00879 /* Build configuration list for PBXNativeTarget "LoginFlow" */;
			buildPhases = (
				E8E89634288E74C500E00879 /* Sources */,
				E8E89635288E74C500E00879 /* Frameworks */,
				E8E89636288E74C500E00879 /* Resources */,
				E8E89690288E951900E00879 /* Embed Frameworks */,
			);
			buildRules = (
			);
			dependencies = (
			);
			name = LoginFlow;
			productName = LoginFlow;
			productReference = E8E89638288E74C500E00879 /* LoginFlow.app */;
			productType = "com.apple.product-type.application";
		};
		E8E8964D288E74C700E00879 /* LoginFlowTests */ = {
			isa = PBXNativeTarget;
			buildConfigurationList = E8E89665288E74C700E00879 /* Build configuration list for PBXNativeTarget "LoginFlowTests" */;
			buildPhases = (
				E8E8964A288E74C700E00879 /* Sources */,
				E8E8964B288E74C700E00879 /* Frameworks */,
				E8E8964C288E74C700E00879 /* Resources */,
			);
			buildRules = (
			);
			dependencies = (
				E8E89650288E74C700E00879 /* PBXTargetDependency */,
			);
			name = LoginFlowTests;
			productName = LoginFlowTests;
			productReference = E8E8964E288E74C700E00879 /* LoginFlowTests.xctest */;
			productType = "com.apple.product-type.bundle.unit-test";
		};
/* End PBXNativeTarget section */

/* Begin PBXProject section */
		E8E89630288E74C500E00879 /* Project object */ = {
			isa = PBXProject;
			attributes = {
				BuildIndependentTargetsInParallel = 1;
				LastSwiftUpdateCheck = 1340;
				LastUpgradeCheck = 1340;
				TargetAttributes = {
					E8E89637288E74C500E00879 = {
						CreatedOnToolsVersion = 13.4.1;
					};
					E8E8964D288E74C700E00879 = {
						CreatedOnToolsVersion = 13.4.1;
						TestTargetID = E8E89637288E74C500E00879;
					};
				};
			};
			buildConfigurationList = E8E89633288E74C500E00879 /* Build configuration list for PBXProject "LoginFlow" */;
			compatibilityVersion = "Xcode 13.0";
			developmentRegion = en;
			hasScannedForEncodings = 0;
			knownRegions = (
				en,
				Base,
			);
			mainGroup = E8E8962F288E74C500E00879;
			productRefGroup = E8E89639288E74C500E00879 /* Products */;
			projectDirPath = "";
			projectRoot = "";
			targets = (
				E8E89637288E74C500E00879 /* LoginFlow */,
				E8E8964D288E74C700E00879 /* LoginFlowTests */,
			);
		};
/* End PBXProject section */

/* Begin PBXResourcesBuildPhase section */
		E8E89636288E74C500E00879 /* Resources */ = {
			isa = PBXResourcesBuildPhase;
			buildActionMask = 2147483647;
			files = (
				E8E89673288E7E7A00E00879 /* Login.storyboard in Resources */,
				E8E89648288E74C700E00879 /* LaunchScreen.storyboard in Resources */,
				E8E89645288E74C700E00879 /* Assets.xcassets in Resources */,
				E8E89643288E74C500E00879 /* Home.storyboard in Resources */,
			);
			runOnlyForDeploymentPostprocessing = 0;
		};
		E8E8964C288E74C700E00879 /* Resources */ = {
			isa = PBXResourcesBuildPhase;
			buildActionMask = 2147483647;
			files = (
			);
			runOnlyForDeploymentPostprocessing = 0;
		};
/* End PBXResourcesBuildPhase section */

/* Begin PBXSourcesBuildPhase section */
		E8E89634288E74C500E00879 /* Sources */ = {
			isa = PBXSourcesBuildPhase;
			buildActionMask = 2147483647;
			files = (
				E86E7ED0288FD03000D9D194 /* UserRepository.swift in Sources */,
				E86E7EC2288FC04F00D9D194 /* UserRepositoryProtocol.swift in Sources */,
				E8E89671288E7E6100E00879 /* LoginViewController.swift in Sources */,
				E8E89640288E74C500E00879 /* HomeViewController.swift in Sources */,
				E8E8969A288EFDD200E00879 /* HomeViewModel.swift in Sources */,
				E86E7EC4288FC08700D9D194 /* UserLoginUseCase.swift in Sources */,
				E8E89696288E98CA00E00879 /* ViewModelType.swift in Sources */,
				E8E8963C288E74C500E00879 /* AppDelegate.swift in Sources */,
				E8E89677288E868600E00879 /* LoginViewModel.swift in Sources */,
				E86E7EC7288FC11900D9D194 /* User.swift in Sources */,
				E86E7ED2288FD55300D9D194 /* LoginQuery.swift in Sources */,
				E86E7ED5288FE3A600D9D194 /* NetworkService.swift in Sources */,
				E8E8963E288E74C500E00879 /* SceneDelegate.swift in Sources */,
			);
			runOnlyForDeploymentPostprocessing = 0;
		};
		E8E8964A288E74C700E00879 /* Sources */ = {
			isa = PBXSourcesBuildPhase;
			buildActionMask = 2147483647;
			files = (
				E8E89653288E74C700E00879 /* RxSwiftOperatorTests.swift in Sources */,
			);
			runOnlyForDeploymentPostprocessing = 0;
		};
/* End PBXSourcesBuildPhase section */

/* Begin PBXTargetDependency section */
		E8E89650288E74C700E00879 /* PBXTargetDependency */ = {
			isa = PBXTargetDependency;
			target = E8E89637288E74C500E00879 /* LoginFlow */;
			targetProxy = E8E8964F288E74C700E00879 /* PBXContainerItemProxy */;
		};
/* End PBXTargetDependency section */

/* Begin PBXVariantGroup section */
		E8E89641288E74C500E00879 /* Home.storyboard */ = {
			isa = PBXVariantGroup;
			children = (
				E8E89642288E74C500E00879 /* Base */,
			);
			name = Home.storyboard;
			sourceTree = "<group>";
		};
		E8E89646288E74C700E00879 /* LaunchScreen.storyboard */ = {
			isa = PBXVariantGroup;
			children = (
				E8E89647288E74C700E00879 /* Base */,
			);
			name = LaunchScreen.storyboard;
			sourceTree = "<group>";
		};
/* End PBXVariantGroup section */

/* Begin XCBuildConfiguration section */
		E8E89660288E74C700E00879 /* Debug */ = {
			isa = XCBuildConfiguration;
			buildSettings = {
				ALWAYS_SEARCH_USER_PATHS = NO;
				CLANG_ANALYZER_NONNULL = YES;
				CLANG_ANALYZER_NUMBER_OBJECT_CONVERSION = YES_AGGRESSIVE;
				CLANG_CXX_LANGUAGE_STANDARD = "gnu++17";
				CLANG_ENABLE_MODULES = YES;
				CLANG_ENABLE_OBJC_ARC = YES;
				CLANG_ENABLE_OBJC_WEAK = YES;
				CLANG_WARN_BLOCK_CAPTURE_AUTORELEASING = YES;
				CLANG_WARN_BOOL_CONVERSION = YES;
				CLANG_WARN_COMMA = YES;
				CLANG_WARN_CONSTANT_CONVERSION = YES;
				CLANG_WARN_DEPRECATED_OBJC_IMPLEMENTATIONS = YES;
				CLANG_WARN_DIRECT_OBJC_ISA_USAGE = YES_ERROR;
				CLANG_WARN_DOCUMENTATION_COMMENTS = YES;
				CLANG_WARN_EMPTY_BODY = YES;
				CLANG_WARN_ENUM_CONVERSION = YES;
				CLANG_WARN_INFINITE_RECURSION = YES;
				CLANG_WARN_INT_CONVERSION = YES;
				CLANG_WARN_NON_LITERAL_NULL_CONVERSION = YES;
				CLANG_WARN_OBJC_IMPLICIT_RETAIN_SELF = YES;
				CLANG_WARN_OBJC_LITERAL_CONVERSION = YES;
				CLANG_WARN_OBJC_ROOT_CLASS = YES_ERROR;
				CLANG_WARN_QUOTED_INCLUDE_IN_FRAMEWORK_HEADER = YES;
				CLANG_WARN_RANGE_LOOP_ANALYSIS = YES;
				CLANG_WARN_STRICT_PROTOTYPES = YES;
				CLANG_WARN_SUSPICIOUS_MOVE = YES;
				CLANG_WARN_UNGUARDED_AVAILABILITY = YES_AGGRESSIVE;
				CLANG_WARN_UNREACHABLE_CODE = YES;
				CLANG_WARN__DUPLICATE_METHOD_MATCH = YES;
				COPY_PHASE_STRIP = NO;
				DEBUG_INFORMATION_FORMAT = dwarf;
				ENABLE_STRICT_OBJC_MSGSEND = YES;
				ENABLE_TESTABILITY = YES;
				GCC_C_LANGUAGE_STANDARD = gnu11;
				GCC_DYNAMIC_NO_PIC = NO;
				GCC_NO_COMMON_BLOCKS = YES;
				GCC_OPTIMIZATION_LEVEL = 0;
				GCC_PREPROCESSOR_DEFINITIONS = (
					"DEBUG=1",
					"$(inherited)",
				);
				GCC_WARN_64_TO_32_BIT_CONVERSION = YES;
				GCC_WARN_ABOUT_RETURN_TYPE = YES_ERROR;
				GCC_WARN_UNDECLARED_SELECTOR = YES;
				GCC_WARN_UNINITIALIZED_AUTOS = YES_AGGRESSIVE;
				GCC_WARN_UNUSED_FUNCTION = YES;
				GCC_WARN_UNUSED_VARIABLE = YES;
				IPHONEOS_DEPLOYMENT_TARGET = 15.0;
				MTL_ENABLE_DEBUG_INFO = INCLUDE_SOURCE;
				MTL_FAST_MATH = YES;
				ONLY_ACTIVE_ARCH = YES;
				SDKROOT = iphoneos;
				SWIFT_ACTIVE_COMPILATION_CONDITIONS = DEBUG;
				SWIFT_OPTIMIZATION_LEVEL = "-Onone";
			};
			name = Debug;
		};
		E8E89661288E74C700E00879 /* Release */ = {
			isa = XCBuildConfiguration;
			buildSettings = {
				ALWAYS_SEARCH_USER_PATHS = NO;
				CLANG_ANALYZER_NONNULL = YES;
				CLANG_ANALYZER_NUMBER_OBJECT_CONVERSION = YES_AGGRESSIVE;
				CLANG_CXX_LANGUAGE_STANDARD = "gnu++17";
				CLANG_ENABLE_MODULES = YES;
				CLANG_ENABLE_OBJC_ARC = YES;
				CLANG_ENABLE_OBJC_WEAK = YES;
				CLANG_WARN_BLOCK_CAPTURE_AUTORELEASING = YES;
				CLANG_WARN_BOOL_CONVERSION = YES;
				CLANG_WARN_COMMA = YES;
				CLANG_WARN_CONSTANT_CONVERSION = YES;
				CLANG_WARN_DEPRECATED_OBJC_IMPLEMENTATIONS = YES;
				CLANG_WARN_DIRECT_OBJC_ISA_USAGE = YES_ERROR;
				CLANG_WARN_DOCUMENTATION_COMMENTS = YES;
				CLANG_WARN_EMPTY_BODY = YES;
				CLANG_WARN_ENUM_CONVERSION = YES;
				CLANG_WARN_INFINITE_RECURSION = YES;
				CLANG_WARN_INT_CONVERSION = YES;
				CLANG_WARN_NON_LITERAL_NULL_CONVERSION = YES;
				CLANG_WARN_OBJC_IMPLICIT_RETAIN_SELF = YES;
				CLANG_WARN_OBJC_LITERAL_CONVERSION = YES;
				CLANG_WARN_OBJC_ROOT_CLASS = YES_ERROR;
				CLANG_WARN_QUOTED_INCLUDE_IN_FRAMEWORK_HEADER = YES;
				CLANG_WARN_RANGE_LOOP_ANALYSIS = YES;
				CLANG_WARN_STRICT_PROTOTYPES = YES;
				CLANG_WARN_SUSPICIOUS_MOVE = YES;
				CLANG_WARN_UNGUARDED_AVAILABILITY = YES_AGGRESSIVE;
				CLANG_WARN_UNREACHABLE_CODE = YES;
				CLANG_WARN__DUPLICATE_METHOD_MATCH = YES;
				COPY_PHASE_STRIP = NO;
				DEBUG_INFORMATION_FORMAT = "dwarf-with-dsym";
				ENABLE_NS_ASSERTIONS = NO;
				ENABLE_STRICT_OBJC_MSGSEND = YES;
				GCC_C_LANGUAGE_STANDARD = gnu11;
				GCC_NO_COMMON_BLOCKS = YES;
				GCC_WARN_64_TO_32_BIT_CONVERSION = YES;
				GCC_WARN_ABOUT_RETURN_TYPE = YES_ERROR;
				GCC_WARN_UNDECLARED_SELECTOR = YES;
				GCC_WARN_UNINITIALIZED_AUTOS = YES_AGGRESSIVE;
				GCC_WARN_UNUSED_FUNCTION = YES;
				GCC_WARN_UNUSED_VARIABLE = YES;
				IPHONEOS_DEPLOYMENT_TARGET = 15.0;
				MTL_ENABLE_DEBUG_INFO = NO;
				MTL_FAST_MATH = YES;
				SDKROOT = iphoneos;
				SWIFT_COMPILATION_MODE = wholemodule;
				SWIFT_OPTIMIZATION_LEVEL = "-O";
				VALIDATE_PRODUCT = YES;
			};
			name = Release;
		};
		E8E89663288E74C700E00879 /* Debug */ = {
			isa = XCBuildConfiguration;
			buildSettings = {
				ASSETCATALOG_COMPILER_APPICON_NAME = AppIcon;
				ASSETCATALOG_COMPILER_GLOBAL_ACCENT_COLOR_NAME = AccentColor;
				CODE_SIGN_STYLE = Automatic;
				CURRENT_PROJECT_VERSION = 1;
				DEVELOPMENT_TEAM = 2AVC8X7323;
				GENERATE_INFOPLIST_FILE = YES;
				INFOPLIST_FILE = LoginFlow/Resources/Info.plist;
				INFOPLIST_KEY_UIApplicationSupportsIndirectInputEvents = YES;
				INFOPLIST_KEY_UILaunchStoryboardName = LaunchScreen;
				INFOPLIST_KEY_UIMainStoryboardFile = Home;
				INFOPLIST_KEY_UISupportedInterfaceOrientations = UIInterfaceOrientationPortrait;
				INFOPLIST_KEY_UISupportedInterfaceOrientations_iPad = "UIInterfaceOrientationPortrait UIInterfaceOrientationPortraitUpsideDown UIInterfaceOrientationLandscapeLeft UIInterfaceOrientationLandscapeRight";
				INFOPLIST_KEY_UISupportedInterfaceOrientations_iPhone = "UIInterfaceOrientationPortrait UIInterfaceOrientationLandscapeLeft UIInterfaceOrientationLandscapeRight";
				LD_RUNPATH_SEARCH_PATHS = (
					"$(inherited)",
					"@executable_path/Frameworks",
				);
				MARKETING_VERSION = 1.0;
				PRODUCT_BUNDLE_IDENTIFIER = woin2ee.LoginFlow;
				PRODUCT_NAME = "$(TARGET_NAME)";
				SWIFT_EMIT_LOC_STRINGS = YES;
				SWIFT_VERSION = 5.0;
				TARGETED_DEVICE_FAMILY = 1;
			};
			name = Debug;
		};
		E8E89664288E74C700E00879 /* Release */ = {
			isa = XCBuildConfiguration;
			buildSettings = {
				ASSETCATALOG_COMPILER_APPICON_NAME = AppIcon;
				ASSETCATALOG_COMPILER_GLOBAL_ACCENT_COLOR_NAME = AccentColor;
				CODE_SIGN_STYLE = Automatic;
				CURRENT_PROJECT_VERSION = 1;
				DEVELOPMENT_TEAM = 2AVC8X7323;
				GENERATE_INFOPLIST_FILE = YES;
				INFOPLIST_FILE = LoginFlow/Resources/Info.plist;
				INFOPLIST_KEY_UIApplicationSupportsIndirectInputEvents = YES;
				INFOPLIST_KEY_UILaunchStoryboardName = LaunchScreen;
				INFOPLIST_KEY_UIMainStoryboardFile = Home;
				INFOPLIST_KEY_UISupportedInterfaceOrientations = UIInterfaceOrientationPortrait;
				INFOPLIST_KEY_UISupportedInterfaceOrientations_iPad = "UIInterfaceOrientationPortrait UIInterfaceOrientationPortraitUpsideDown UIInterfaceOrientationLandscapeLeft UIInterfaceOrientationLandscapeRight";
				INFOPLIST_KEY_UISupportedInterfaceOrientations_iPhone = "UIInterfaceOrientationPortrait UIInterfaceOrientationLandscapeLeft UIInterfaceOrientationLandscapeRight";
				LD_RUNPATH_SEARCH_PATHS = (
					"$(inherited)",
					"@executable_path/Frameworks",
				);
				MARKETING_VERSION = 1.0;
				PRODUCT_BUNDLE_IDENTIFIER = woin2ee.LoginFlow;
				PRODUCT_NAME = "$(TARGET_NAME)";
				SWIFT_EMIT_LOC_STRINGS = YES;
				SWIFT_VERSION = 5.0;
				TARGETED_DEVICE_FAMILY = 1;
			};
			name = Release;
		};
		E8E89666288E74C700E00879 /* Debug */ = {
			isa = XCBuildConfiguration;
			buildSettings = {
				ALWAYS_EMBED_SWIFT_STANDARD_LIBRARIES = YES;
				BUNDLE_LOADER = "$(TEST_HOST)";
				CODE_SIGN_STYLE = Automatic;
				CURRENT_PROJECT_VERSION = 1;
				DEVELOPMENT_TEAM = 2AVC8X7323;
				GENERATE_INFOPLIST_FILE = YES;
				IPHONEOS_DEPLOYMENT_TARGET = 15.5;
				MARKETING_VERSION = 1.0;
				PRODUCT_BUNDLE_IDENTIFIER = woin2ee.LoginFlowTests;
				PRODUCT_NAME = "$(TARGET_NAME)";
				SWIFT_EMIT_LOC_STRINGS = NO;
				SWIFT_VERSION = 5.0;
				TARGETED_DEVICE_FAMILY = "1,2";
				TEST_HOST = "$(BUILT_PRODUCTS_DIR)/LoginFlow.app/LoginFlow";
			};
			name = Debug;
		};
		E8E89667288E74C700E00879 /* Release */ = {
			isa = XCBuildConfiguration;
			buildSettings = {
				ALWAYS_EMBED_SWIFT_STANDARD_LIBRARIES = YES;
				BUNDLE_LOADER = "$(TEST_HOST)";
				CODE_SIGN_STYLE = Automatic;
				CURRENT_PROJECT_VERSION = 1;
				DEVELOPMENT_TEAM = 2AVC8X7323;
				GENERATE_INFOPLIST_FILE = YES;
				IPHONEOS_DEPLOYMENT_TARGET = 15.5;
				MARKETING_VERSION = 1.0;
				PRODUCT_BUNDLE_IDENTIFIER = woin2ee.LoginFlowTests;
				PRODUCT_NAME = "$(TARGET_NAME)";
				SWIFT_EMIT_LOC_STRINGS = NO;
				SWIFT_VERSION = 5.0;
				TARGETED_DEVICE_FAMILY = "1,2";
				TEST_HOST = "$(BUILT_PRODUCTS_DIR)/LoginFlow.app/LoginFlow";
			};
			name = Release;
		};
/* End XCBuildConfiguration section */

/* Begin XCConfigurationList section */
		E8E89633288E74C500E00879 /* Build configuration list for PBXProject "LoginFlow" */ = {
			isa = XCConfigurationList;
			buildConfigurations = (
				E8E89660288E74C700E00879 /* Debug */,
				E8E89661288E74C700E00879 /* Release */,
			);
			defaultConfigurationIsVisible = 0;
			defaultConfigurationName = Release;
		};
		E8E89662288E74C700E00879 /* Build configuration list for PBXNativeTarget "LoginFlow" */ = {
			isa = XCConfigurationList;
			buildConfigurations = (
				E8E89663288E74C700E00879 /* Debug */,
				E8E89664288E74C700E00879 /* Release */,
			);
			defaultConfigurationIsVisible = 0;
			defaultConfigurationName = Release;
		};
		E8E89665288E74C700E00879 /* Build configuration list for PBXNativeTarget "LoginFlowTests" */ = {
			isa = XCConfigurationList;
			buildConfigurations = (
				E8E89666288E74C700E00879 /* Debug */,
				E8E89667288E74C700E00879 /* Release */,
			);
			defaultConfigurationIsVisible = 0;
			defaultConfigurationName = Release;
		};
/* End XCConfigurationList section */
	};
	rootObject = E8E89630288E74C500E00879 /* Project object */;
}
